
Microsoft Visual Studio Solution File, Format Version 12.00
Project("{2150E333-8FDC-42A3-9474-1A3956D46DE8}") = "src", "src", "{38555E9C-BF88-45AE-8CEB-104CE6C155F4}"
EndProject
Project("{FAE04EC0-301F-11D3-BF4B-00C04F79EFBC}") = "DotnetKubernetesClient", "src\DotnetKubernetesClient\DotnetKubernetesClient.csproj", "{BD03B701-0831-4EA3-A51F-9800DF4DF4AF}"
EndProject
Project("{9A19103F-16F7-4668-BE54-9A1E7A4F7556}") = "_build", "build\_build.csproj", "{B15DC721-8FF1-4ABB-8D02-3D21C328C88D}"
EndProject
Project("{2150E333-8FDC-42A3-9474-1A3956D46DE8}") = "build", "build", "{D53B0139-E304-402D-A202-800A6EB655D9}"
EndProject
Project("{2150E333-8FDC-42A3-9474-1A3956D46DE8}") = "tests", "tests", "{27EB9E0E-9638-45C9-A17A-134D6849905F}"
EndProject
Project("{FAE04EC0-301F-11D3-BF4B-00C04F79EFBC}") = "DotnetKubernetesClient.ManualTest", "tests\DotnetKubernetesClient.ManualTest\DotnetKubernetesClient.ManualTest.csproj", "{208F154E-7C67-457A-94D6-DE6A6CD50EB7}"
EndProject
Global
	GlobalSection(SolutionConfigurationPlatforms) = preSolution
		Debug|Any CPU = Debug|Any CPU
		Release|Any CPU = Release|Any CPU
	EndGlobalSection
	GlobalSection(NestedProjects) = preSolution
		{BD03B701-0831-4EA3-A51F-9800DF4DF4AF} = {38555E9C-BF88-45AE-8CEB-104CE6C155F4}
		{B15DC721-8FF1-4ABB-8D02-3D21C328C88D} = {D53B0139-E304-402D-A202-800A6EB655D9}
		{208F154E-7C67-457A-94D6-DE6A6CD50EB7} = {27EB9E0E-9638-45C9-A17A-134D6849905F}
	EndGlobalSection
	GlobalSection(ProjectConfigurationPlatforms) = postSolution
		{B15DC721-8FF1-4ABB-8D02-3D21C328C88D}.Debug|Any CPU.ActiveCfg = Debug|Any CPU
		{B15DC721-8FF1-4ABB-8D02-3D21C328C88D}.Release|Any CPU.ActiveCfg = Release|Any CPU
		{BD03B701-0831-4EA3-A51F-9800DF4DF4AF}.Debug|Any CPU.ActiveCfg = Debug|Any CPU
		{BD03B701-0831-4EA3-A51F-9800DF4DF4AF}.Debug|Any CPU.Build.0 = Debug|Any CPU
		{BD03B701-0831-4EA3-A51F-9800DF4DF4AF}.Release|Any CPU.ActiveCfg = Release|Any CPU
		{BD03B701-0831-4EA3-A51F-9800DF4DF4AF}.Release|Any CPU.Build.0 = Release|Any CPU
		{208F154E-7C67-457A-94D6-DE6A6CD50EB7}.Debug|Any CPU.ActiveCfg = Debug|Any CPU
		{208F154E-7C67-457A-94D6-DE6A6CD50EB7}.Debug|Any CPU.Build.0 = Debug|Any CPU
		{208F154E-7C67-457A-94D6-DE6A6CD50EB7}.Release|Any CPU.ActiveCfg = Release|Any CPU
		{208F154E-7C67-457A-94D6-DE6A6CD50EB7}.Release|Any CPU.Build.0 = Release|Any CPU
	EndGlobalSection
EndGlobal
